<?xml version="1.0" encoding="utf-8"?>
<Project ToolsVersion="4.0" xmlns="http://schemas.microsoft.com/developer/msbuild/2003">
  <ItemGroup>
    <Filter Include="Source Files">
      <UniqueIdentifier>{4FC737F1-C7A5-4376-A066-2A32D752A2FF}</UniqueIdentifier>
      <Extensions>cpp;c;cc;cxx;def;odl;idl;hpj;bat;asm;asmx</Extensions>
    </Filter>
    <Filter Include="Header Files">
      <UniqueIdentifier>{93995380-89BD-4b04-88EB-625FBE52EBFB}</UniqueIdentifier>
      <Extensions>h;hh;hpp;hxx;hm;inl;inc;ipp;xsd</Extensions>
    </Filter>
    <Filter Include="Source Files\GameManager">
      <UniqueIdentifier>{f0c6c592-19c9-4472-bf03-544418174c5c}</UniqueIdentifier>
    </Filter>
    <Filter Include="Source Files\Animation">
      <UniqueIdentifier>{754b9ce6-fcfa-468a-b92c-c857a83e043a}</UniqueIdentifier>
    </Filter>
    <Filter Include="Source Files\Sprite">
      <UniqueIdentifier>{5fad8570-dae8-4445-afab-8f46d587924a}</UniqueIdentifier>
    </Filter>
    <Filter Include="Source Files\Util">
      <UniqueIdentifier>{5a6bdd3b-efb0-4b83-ba58-623e3c4a2a9d}</UniqueIdentifier>
    </Filter>
    <Filter Include="Source Files\Object">
      <UniqueIdentifier>{6c92116c-888e-4913-bf56-2afc8b666433}</UniqueIdentifier>
    </Filter>
    <Filter Include="Resource Files">
      <UniqueIdentifier>{67DA6AB6-F800-4c08-8B7A-83BB121AAD01}</UniqueIdentifier>
      <Extensions>rc;ico;cur;bmp;dlg;rc2;rct;bin;rgs;gif;jpg;jpeg;jpe;resx;tiff;tif;png;wav;mfcribbon-ms</Extensions>
    </Filter>
    <Filter Include="Source Files\Effect">
      <UniqueIdentifier>{4015e134-8bd2-4f65-8e10-641fda78d684}</UniqueIdentifier>
    </Filter>
    <Filter Include="Source Files\Object\Item">
      <UniqueIdentifier>{9052f299-3148-436f-a3ed-834a0c9fa671}</UniqueIdentifier>
    </Filter>
    <Filter Include="Source Files\Object\candle">
      <UniqueIdentifier>{867e4c4b-12e1-46e5-b5cb-4a922c212195}</UniqueIdentifier>
    </Filter>
    <Filter Include="Source Files\Object\SubWeapon">
      <UniqueIdentifier>{106f68c6-05e2-4d9b-9c28-f46a6b3fe16f}</UniqueIdentifier>
    </Filter>
    <Filter Include="Source Files\Object\boundary">
      <UniqueIdentifier>{83ede9b2-1b52-47df-8a2f-db8e2ce394f2}</UniqueIdentifier>
    </Filter>
    <Filter Include="Source Files\Enemy">
      <UniqueIdentifier>{b13ae898-6db1-4321-ae77-8a88dbe7ba0d}</UniqueIdentifier>
    </Filter>
  </ItemGroup>
  <ItemGroup>
    <ClCompile Include="main.cpp">
      <Filter>Source Files</Filter>
    </ClCompile>
    <ClCompile Include="Animation.cpp">
      <Filter>Source Files\Animation</Filter>
    </ClCompile>
    <ClCompile Include="AnimationFrame.cpp">
      <Filter>Source Files\Animation</Filter>
    </ClCompile>
    <ClCompile Include="AnimationManager.cpp">
      <Filter>Source Files\Animation</Filter>
    </ClCompile>
    <ClCompile Include="debug.cpp">
      <Filter>Source Files\Util</Filter>
    </ClCompile>
    <ClCompile Include="Game.cpp">
      <Filter>Source Files\GameManager</Filter>
    </ClCompile>
    <ClCompile Include="GameObject.cpp">
      <Filter>Source Files\Object</Filter>
    </ClCompile>
    <ClCompile Include="Sprite.cpp">
      <Filter>Source Files\Sprite</Filter>
    </ClCompile>
    <ClCompile Include="SpriteManager.cpp">
      <Filter>Source Files\Sprite</Filter>
    </ClCompile>
    <ClCompile Include="TextureManager.cpp">
      <Filter>Source Files\Sprite</Filter>
    </ClCompile>
    <ClCompile Include="SweptAABB.cpp">
      <Filter>Source Files\Util</Filter>
    </ClCompile>
    <ClCompile Include="TileMap.cpp">
      <Filter>Source Files\GameManager</Filter>
    </ClCompile>
    <ClCompile Include="Simon.cpp">
      <Filter>Source Files</Filter>
    </ClCompile>
    <ClCompile Include="TilemapManager.cpp">
      <Filter>Source Files\GameManager</Filter>
    </ClCompile>
    <ClCompile Include="Stage.cpp">
      <Filter>Source Files\GameManager</Filter>
    </ClCompile>
    <ClCompile Include="StageManager.cpp">
      <Filter>Source Files\GameManager</Filter>
    </ClCompile>
    <ClCompile Include="Grid.cpp">
      <Filter>Source Files\GameManager</Filter>
    </ClCompile>
    <ClCompile Include="Whip.cpp">
      <Filter>Source Files</Filter>
    </ClCompile>
    <ClCompile Include="ItemFactory.cpp">
      <Filter>Source Files\Object\Item</Filter>
    </ClCompile>
    <ClCompile Include="CandleFactory.cpp">
      <Filter>Source Files\Object\candle</Filter>
    </ClCompile>
    <ClCompile Include="SubWeapon.cpp">
      <Filter>Source Files\Object\SubWeapon</Filter>
    </ClCompile>
    <ClCompile Include="SubWeaponFactory.cpp">
      <Filter>Source Files\Object\SubWeapon</Filter>
    </ClCompile>
    <ClCompile Include="Weapon.cpp">
      <Filter>Source Files\Object</Filter>
    </ClCompile>
    <ClCompile Include="Boundary.cpp">
      <Filter>Source Files\Object\boundary</Filter>
    </ClCompile>
    <ClCompile Include="SubWeaponAxe.cpp">
      <Filter>Source Files\Object\SubWeapon</Filter>
    </ClCompile>
    <ClCompile Include="SubWeaponBoomerang.cpp">
      <Filter>Source Files\Object\SubWeapon</Filter>
    </ClCompile>
    <ClCompile Include="BoundaryFactory.cpp">
      <Filter>Source Files\Object\boundary</Filter>
    </ClCompile>
    <ClCompile Include="Item.cpp">
      <Filter>Source Files\Object\Item</Filter>
    </ClCompile>
    <ClCompile Include="SubWeaponHolyWater.cpp">
      <Filter>Source Files\Object\SubWeapon</Filter>
    </ClCompile>
    <ClCompile Include="HUD.cpp">
      <Filter>Source Files\GameManager</Filter>
    </ClCompile>
    <ClCompile Include="Enemy.cpp">
      <Filter>Source Files\Enemy</Filter>
    </ClCompile>
    <ClCompile Include="EnemyFactory.cpp">
      <Filter>Source Files\Enemy</Filter>
    </ClCompile>
    <ClCompile Include="EnemyGhouls.cpp">
      <Filter>Source Files\Enemy</Filter>
    </ClCompile>
    <ClCompile Include="ItemHeart.cpp">
      <Filter>Source Files\Object\Item</Filter>
    </ClCompile>
    <ClCompile Include="Stair.cpp">
      <Filter>Source Files\Object\boundary</Filter>
    </ClCompile>
    <ClCompile Include="stage1_castle.cpp">
      <Filter>Source Files\Object\boundary</Filter>
    </ClCompile>
    <ClCompile Include="Door.cpp">
      <Filter>Source Files\Object\boundary</Filter>
    </ClCompile>
    <ClCompile Include="ForceIdleSim.cpp">
      <Filter>Source Files\Object\boundary</Filter>
    </ClCompile>
    <ClCompile Include="ObjectFactory.cpp">
      <Filter>Source Files\Object</Filter>
    </ClCompile>
    <ClCompile Include="Camera.cpp">
      <Filter>Source Files\GameManager</Filter>
    </ClCompile>
    <ClCompile Include="EnemyWolf.cpp">
      <Filter>Source Files</Filter>
    </ClCompile>
    <ClCompile Include="ForceEnemyJumpingBound.cpp">
      <Filter>Source Files</Filter>
    </ClCompile>
  </ItemGroup>
  <ItemGroup>
    <ClInclude Include="main.h">
      <Filter>Header Files</Filter>
    </ClInclude>
    <ClInclude Include="Enemy.h">
      <Filter>Header Files</Filter>
    </ClInclude>
    <ClInclude Include="resource.h">
      <Filter>Header Files</Filter>
    </ClInclude>
    <ClInclude Include="Simon.h">
      <Filter>Header Files</Filter>
    </ClInclude>
    <ClInclude Include="Whip.h">
      <Filter>Header Files</Filter>
    </ClInclude>
    <ClInclude Include="SubWeapon.h">
      <Filter>Header Files</Filter>
    </ClInclude>
    <ClInclude Include="Box.h">
      <Filter>Header Files</Filter>
    </ClInclude>
    <ClInclude Include="debug.h">
      <Filter>Header Files</Filter>
    </ClInclude>
    <ClInclude Include="SweptAABB.h">
      <Filter>Header Files</Filter>
    </ClInclude>
    <ClInclude Include="Timer.h">
      <Filter>Header Files</Filter>
    </ClInclude>
    <ClInclude Include="Boundary.h">
      <Filter>Header Files</Filter>
    </ClInclude>
    <ClInclude Include="GameObject.h">
      <Filter>Header Files</Filter>
    </ClInclude>
    <ClInclude Include="ItemDagger.h">
      <Filter>Header Files</Filter>
    </ClInclude>
    <ClInclude Include="ItemFactory.h">
      <Filter>Header Files</Filter>
    </ClInclude>
    <ClInclude Include="ItemHeart.h">
      <Filter>Header Files</Filter>
    </ClInclude>
    <ClInclude Include="ItemWhip.h">
      <Filter>Header Files</Filter>
    </ClInclude>
    <ClInclude Include="BigCandle.h">
      <Filter>Header Files</Filter>
    </ClInclude>
    <ClInclude Include="Candle.h">
      <Filter>Header Files</Filter>
    </ClInclude>
    <ClInclude Include="CandleFactory.h">
      <Filter>Header Files</Filter>
    </ClInclude>
    <ClInclude Include="SmallCandle.h">
      <Filter>Header Files</Filter>
    </ClInclude>
    <ClInclude Include="Constants.h">
      <Filter>Header Files</Filter>
    </ClInclude>
    <ClInclude Include="SimonConstants.h">
      <Filter>Header Files</Filter>
    </ClInclude>
    <ClInclude Include="StageConst.h">
      <Filter>Header Files</Filter>
    </ClInclude>
    <ClInclude Include="TileConst.h">
      <Filter>Header Files</Filter>
    </ClInclude>
    <ClInclude Include="WhipConst.h">
      <Filter>Header Files</Filter>
    </ClInclude>
    <ClInclude Include="Sprite.h">
      <Filter>Header Files</Filter>
    </ClInclude>
    <ClInclude Include="SpriteManager.h">
      <Filter>Header Files</Filter>
    </ClInclude>
    <ClInclude Include="TextureManager.h">
      <Filter>Header Files</Filter>
    </ClInclude>
    <ClInclude Include="Game.h">
      <Filter>Header Files</Filter>
    </ClInclude>
    <ClInclude Include="Grid.h">
      <Filter>Header Files</Filter>
    </ClInclude>
    <ClInclude Include="KeyboardHandler.h">
      <Filter>Header Files</Filter>
    </ClInclude>
    <ClInclude Include="Stage.h">
      <Filter>Header Files</Filter>
    </ClInclude>
    <ClInclude Include="StageManager.h">
      <Filter>Header Files</Filter>
    </ClInclude>
    <ClInclude Include="TileMap.h">
      <Filter>Header Files</Filter>
    </ClInclude>
    <ClInclude Include="tileMapInfo.h">
      <Filter>Header Files</Filter>
    </ClInclude>
    <ClInclude Include="TilemapManager.h">
      <Filter>Header Files</Filter>
    </ClInclude>
    <ClInclude Include="Animation.h">
      <Filter>Header Files</Filter>
    </ClInclude>
    <ClInclude Include="AnimationFrame.h">
      <Filter>Header Files</Filter>
    </ClInclude>
    <ClInclude Include="AnimationManager.h">
      <Filter>Header Files</Filter>
    </ClInclude>
    <ClInclude Include="SubWeaponFactory.h">
      <Filter>Header Files</Filter>
    </ClInclude>
    <ClInclude Include="SubWeaponDagger.h">
      <Filter>Header Files</Filter>
    </ClInclude>
    <ClInclude Include="Weapon.h">
      <Filter>Header Files</Filter>
    </ClInclude>
    <ClInclude Include="HUD.h">
      <Filter>Header Files</Filter>
    </ClInclude>
    <ClInclude Include="BoundaryFactory.h">
      <Filter>Header Files</Filter>
    </ClInclude>
    <ClInclude Include="ObjectChangeStage.h">
      <Filter>Header Files</Filter>
    </ClInclude>
    <ClInclude Include="SubWeaponAxe.h">
      <Filter>Header Files</Filter>
    </ClInclude>
    <ClInclude Include="SubWeaponBoomerang.h">
      <Filter>Header Files</Filter>
    </ClInclude>
    <ClInclude Include="Territory.h">
      <Filter>Header Files</Filter>
    </ClInclude>
    <ClInclude Include="SubWeaponHolyWater.h">
      <Filter>Header Files</Filter>
    </ClInclude>
    <ClInclude Include="Item.h">
      <Filter>Header Files</Filter>
    </ClInclude>
    <ClInclude Include="EnemyGhouls.h">
      <Filter>Header Files</Filter>
    </ClInclude>
    <ClInclude Include="EnemyFactory.h">
      <Filter>Header Files</Filter>
    </ClInclude>
    <ClInclude Include="Stair.h">
      <Filter>Header Files</Filter>
    </ClInclude>
    <ClInclude Include="stage1_castle.h">
      <Filter>Header Files</Filter>
    </ClInclude>
    <ClInclude Include="Door.h">
      <Filter>Header Files</Filter>
    </ClInclude>
    <ClInclude Include="Camera.h">
      <Filter>Header Files</Filter>
    </ClInclude>
    <ClInclude Include="ObjectFactory.h">
      <Filter>Header Files</Filter>
    </ClInclude>
    <ClInclude Include="ForceIdleSim.h">
      <Filter>Header Files</Filter>
    </ClInclude>
    <ClInclude Include="TempRenderObj.h">
      <Filter>Header Files</Filter>
    </ClInclude>
    <ClInclude Include="EnemyWolf.h">
      <Filter>Header Files</Filter>
    </ClInclude>
    <ClInclude Include="ForceEnemyJumpingBound.h">
      <Filter>Header Files</Filter>
    </ClInclude>
  </ItemGroup>
  <ItemGroup>
    <ResourceCompile Include="Castlevania.rc">
      <Filter>Resource Files</Filter>
    </ResourceCompile>
  </ItemGroup>
</Project>